
Microsoft Visual Studio Solution File, Format Version 12.00
# Visual Studio Version 17
VisualStudioVersion = 17.11.35303.130
MinimumVisualStudioVersion = 10.0.40219.1
Project("{8BC9CEB8-8B4A-11D0-8D11-00A0C91BC942}") = "Lab-5.01", "Lab-5.01.vcxproj", "{CDD33283-684F-4CD5-84D9-EC6E666DE519}"
EndProject
Project("{8BC9CEB8-8B4A-11D0-8D11-00A0C91BC942}") = "Lab-5.1", "..\Lab-5.1\Lab-5.1.vcxproj", "{64E732BD-34D9-4239-BC40-C1E168870689}"
EndProject
Global
	GlobalSection(SolutionConfigurationPlatforms) = preSolution
		Debug|x64 = Debug|x64
		Debug|x86 = Debug|x86
		Release|x64 = Release|x64
		Release|x86 = Release|x86
	EndGlobalSection
	GlobalSection(ProjectConfigurationPlatforms) = postSolution
		{CDD33283-684F-4CD5-84D9-EC6E666DE519}.Debug|x64.ActiveCfg = Debug|x64
		{CDD33283-684F-4CD5-84D9-EC6E666DE519}.Debug|x64.Build.0 = Debug|x64
		{CDD33283-684F-4CD5-84D9-EC6E666DE519}.Debug|x86.ActiveCfg = Debug|Win32
		{CDD33283-684F-4CD5-84D9-EC6E666DE519}.Debug|x86.Build.0 = Debug|Win32
		{CDD33283-684F-4CD5-84D9-EC6E666DE519}.Release|x64.ActiveCfg = Release|x64
		{CDD33283-684F-4CD5-84D9-EC6E666DE519}.Release|x64.Build.0 = Release|x64
		{CDD33283-684F-4CD5-84D9-EC6E666DE519}.Release|x86.ActiveCfg = Release|Win32
		{CDD33283-684F-4CD5-84D9-EC6E666DE519}.Release|x86.Build.0 = Release|Win32
		{64E732BD-34D9-4239-BC40-C1E168870689}.Debug|x64.ActiveCfg = Debug|x64
		{64E732BD-34D9-4239-BC40-C1E168870689}.Debug|x64.Build.0 = Debug|x64
		{64E732BD-34D9-4239-BC40-C1E168870689}.Debug|x86.ActiveCfg = Debug|Win32
		{64E732BD-34D9-4239-BC40-C1E168870689}.Debug|x86.Build.0 = Debug|Win32
		{64E732BD-34D9-4239-BC40-C1E168870689}.Release|x64.ActiveCfg = Release|x64
		{64E732BD-34D9-4239-BC40-C1E168870689}.Release|x64.Build.0 = Release|x64
		{64E732BD-34D9-4239-BC40-C1E168870689}.Release|x86.ActiveCfg = Release|Win32
		{64E732BD-34D9-4239-BC40-C1E168870689}.Release|x86.Build.0 = Release|Win32
	EndGlobalSection
	GlobalSection(SolutionProperties) = preSolution
		HideSolutionNode = FALSE
	EndGlobalSection
	GlobalSection(ExtensibilityGlobals) = postSolution
		SolutionGuid = {6F5E7527-4C02-4BB7-A472-B2F0631EF8F2}
	EndGlobalSection
EndGlobal
